
Microsoft Visual Studio Solution File, Format Version 12.00
# Visual Studio Version 17
VisualStudioVersion = 17.5.002.0
MinimumVisualStudioVersion = 10.0.40219.1
Project("{9A19103F-16F7-4668-BE54-9A1E7A4F7556}") = "webapi", "webapi.csproj", "{DB6C09FE-4DCE-4770-A96B-388482CC3E3A}"
EndProject
Global
	GlobalSection(SolutionConfigurationPlatforms) = preSolution
		Debug|Any CPU = Debug|Any CPU
		Release|Any CPU = Release|Any CPU
	EndGlobalSection
	GlobalSection(ProjectConfigurationPlatforms) = postSolution
		{DB6C09FE-4DCE-4770-A96B-388482CC3E3A}.Debug|Any CPU.ActiveCfg = Debug|Any CPU
		{DB6C09FE-4DCE-4770-A96B-388482CC3E3A}.Debug|Any CPU.Build.0 = Debug|Any CPU
		{DB6C09FE-4DCE-4770-A96B-388482CC3E3A}.Release|Any CPU.ActiveCfg = Release|Any CPU
		{DB6C09FE-4DCE-4770-A96B-388482CC3E3A}.Release|Any CPU.Build.0 = Release|Any CPU
	EndGlobalSection
	GlobalSection(SolutionProperties) = preSolution
		HideSolutionNode = FALSE
	EndGlobalSection
	GlobalSection(ExtensibilityGlobals) = postSolution
		SolutionGuid = {D051547F-980F-4EE2-940E-5B5F8A4CF944}
	EndGlobalSection
EndGlobal
